
Microsoft Visual Studio Solution File, Format Version 12.00
# Visual Studio Version 17
VisualStudioVersion = 17.8.34309.116
MinimumVisualStudioVersion = 10.0.40219.1
Project("{9A19103F-16F7-4668-BE54-9A1E7A4F7556}") = "CitusTesting", "CitusTesting\CitusTesting.csproj", "{04ADAC4D-120B-4B92-9B9D-0EA56311F08D}"
EndProject
Global
	GlobalSection(SolutionConfigurationPlatforms) = preSolution
		Citus|Any CPU = Citus|Any CPU
		Debug|Any CPU = Debug|Any CPU
		MSSQL|Any CPU = MSSQL|Any CPU
		PostgreSQL|Any CPU = PostgreSQL|Any CPU
		Release|Any CPU = Release|Any CPU
	EndGlobalSection
	GlobalSection(ProjectConfigurationPlatforms) = postSolution
		{04ADAC4D-120B-4B92-9B9D-0EA56311F08D}.Citus|Any CPU.ActiveCfg = Citus|Any CPU
		{04ADAC4D-120B-4B92-9B9D-0EA56311F08D}.Citus|Any CPU.Build.0 = Citus|Any CPU
		{04ADAC4D-120B-4B92-9B9D-0EA56311F08D}.Debug|Any CPU.ActiveCfg = Debug|Any CPU
		{04ADAC4D-120B-4B92-9B9D-0EA56311F08D}.Debug|Any CPU.Build.0 = Debug|Any CPU
		{04ADAC4D-120B-4B92-9B9D-0EA56311F08D}.MSSQL|Any CPU.ActiveCfg = MSSQL|Any CPU
		{04ADAC4D-120B-4B92-9B9D-0EA56311F08D}.MSSQL|Any CPU.Build.0 = MSSQL|Any CPU
		{04ADAC4D-120B-4B92-9B9D-0EA56311F08D}.PostgreSQL|Any CPU.ActiveCfg = PostgreSQL|Any CPU
		{04ADAC4D-120B-4B92-9B9D-0EA56311F08D}.PostgreSQL|Any CPU.Build.0 = PostgreSQL|Any CPU
		{04ADAC4D-120B-4B92-9B9D-0EA56311F08D}.Release|Any CPU.ActiveCfg = Release|Any CPU
		{04ADAC4D-120B-4B92-9B9D-0EA56311F08D}.Release|Any CPU.Build.0 = Release|Any CPU
	EndGlobalSection
	GlobalSection(SolutionProperties) = preSolution
		HideSolutionNode = FALSE
	EndGlobalSection
	GlobalSection(ExtensibilityGlobals) = postSolution
		SolutionGuid = {C7C74487-1EDE-4448-8FB8-8F39F47404C2}
	EndGlobalSection
EndGlobal
